
Microsoft Visual Studio Solution File, Format Version 12.00
# Visual Studio Version 17
VisualStudioVersion = 17.10.35004.147
MinimumVisualStudioVersion = 10.0.40219.1
Project("{FAE04EC0-301F-11D3-BF4B-00C04F79EFBC}") = "BH1", "BH1\BH1.csproj", "{605E8521-63BD-48E7-9E23-23C9D5D628F3}"
EndProject
Global
	GlobalSection(SolutionConfigurationPlatforms) = preSolution
		Debug|Any CPU = Debug|Any CPU
		Release|Any CPU = Release|Any CPU
	EndGlobalSection
	GlobalSection(ProjectConfigurationPlatforms) = postSolution
		{605E8521-63BD-48E7-9E23-23C9D5D628F3}.Debug|Any CPU.ActiveCfg = Debug|Any CPU
		{605E8521-63BD-48E7-9E23-23C9D5D628F3}.Debug|Any CPU.Build.0 = Debug|Any CPU
		{605E8521-63BD-48E7-9E23-23C9D5D628F3}.Release|Any CPU.ActiveCfg = Release|Any CPU
		{605E8521-63BD-48E7-9E23-23C9D5D628F3}.Release|Any CPU.Build.0 = Release|Any CPU
	EndGlobalSection
	GlobalSection(SolutionProperties) = preSolution
		HideSolutionNode = FALSE
	EndGlobalSection
	GlobalSection(ExtensibilityGlobals) = postSolution
		SolutionGuid = {B2DAE823-CCFB-4BF5-8E9E-E24C3BE256C6}
	EndGlobalSection
EndGlobal
